
Microsoft Visual Studio Solution File, Format Version 11.00
# Visual Studio 2010
Project("{FAE04EC0-301F-11D3-BF4B-00C04F79EFBC}") = "CommandLineArguments", "CommandLineArguments\CommandLineArguments.csproj", "{AC946429-1317-44AB-A860-2CAF27CBEA8A}"
EndProject
Project("{FAE04EC0-301F-11D3-BF4B-00C04F79EFBC}") = "CommandLineArguments.Tests", "CommandLineArguments.Tests\CommandLineArguments.Tests.csproj", "{1B97E54A-8D8E-46A1-9660-52D25A2C63E4}"
EndProject
Global
	GlobalSection(SolutionConfigurationPlatforms) = preSolution
		Debug|Any CPU = Debug|Any CPU
		Release|Any CPU = Release|Any CPU
	EndGlobalSection
	GlobalSection(ProjectConfigurationPlatforms) = postSolution
		{AC946429-1317-44AB-A860-2CAF27CBEA8A}.Debug|Any CPU.ActiveCfg = Debug|Any CPU
		{AC946429-1317-44AB-A860-2CAF27CBEA8A}.Debug|Any CPU.Build.0 = Debug|Any CPU
		{AC946429-1317-44AB-A860-2CAF27CBEA8A}.Release|Any CPU.ActiveCfg = Release|Any CPU
		{AC946429-1317-44AB-A860-2CAF27CBEA8A}.Release|Any CPU.Build.0 = Release|Any CPU
		{1B97E54A-8D8E-46A1-9660-52D25A2C63E4}.Debug|Any CPU.ActiveCfg = Debug|Any CPU
		{1B97E54A-8D8E-46A1-9660-52D25A2C63E4}.Debug|Any CPU.Build.0 = Debug|Any CPU
		{1B97E54A-8D8E-46A1-9660-52D25A2C63E4}.Release|Any CPU.ActiveCfg = Release|Any CPU
		{1B97E54A-8D8E-46A1-9660-52D25A2C63E4}.Release|Any CPU.Build.0 = Release|Any CPU
	EndGlobalSection
	GlobalSection(SolutionProperties) = preSolution
		HideSolutionNode = FALSE
	EndGlobalSection
EndGlobal
